
Microsoft Visual Studio Solution File, Format Version 12.00
# Visual Studio Version 17
VisualStudioVersion = 17.7.34221.43
MinimumVisualStudioVersion = 10.0.40219.1
Project("{FAE04EC0-301F-11D3-BF4B-00C04F79EFBC}") = "Palindrome Program", "Palindrome Program\Palindrome Program.csproj", "{FEDCC4DA-0557-4A40-9B2B-3AA0BA99DA60}"
EndProject
Global
	GlobalSection(SolutionConfigurationPlatforms) = preSolution
		Debug|Any CPU = Debug|Any CPU
		Release|Any CPU = Release|Any CPU
	EndGlobalSection
	GlobalSection(ProjectConfigurationPlatforms) = postSolution
		{FEDCC4DA-0557-4A40-9B2B-3AA0BA99DA60}.Debug|Any CPU.ActiveCfg = Debug|Any CPU
		{FEDCC4DA-0557-4A40-9B2B-3AA0BA99DA60}.Debug|Any CPU.Build.0 = Debug|Any CPU
		{FEDCC4DA-0557-4A40-9B2B-3AA0BA99DA60}.Release|Any CPU.ActiveCfg = Release|Any CPU
		{FEDCC4DA-0557-4A40-9B2B-3AA0BA99DA60}.Release|Any CPU.Build.0 = Release|Any CPU
	EndGlobalSection
	GlobalSection(SolutionProperties) = preSolution
		HideSolutionNode = FALSE
	EndGlobalSection
	GlobalSection(ExtensibilityGlobals) = postSolution
		SolutionGuid = {67D187A1-2EED-4A69-8433-20FBE5568508}
	EndGlobalSection
EndGlobal
